
Microsoft Visual Studio Solution File, Format Version 12.00
# Visual Studio Version 17
VisualStudioVersion = 17.2.32630.192
MinimumVisualStudioVersion = 10.0.40219.1
Project("{2150E333-8FDC-42A3-9474-1A3956D46DE8}") = "Services", "Services", "{946A3AA7-5786-49FA-9BE6-FD9E106BB1DA}"
EndProject
Project("{2150E333-8FDC-42A3-9474-1A3956D46DE8}") = "Catalog", "Catalog", "{5FA5D11E-EDE3-478E-A09D-67BED6F8B04A}"
EndProject
Project("{9A19103F-16F7-4668-BE54-9A1E7A4F7556}") = "Catalog.Api", "Catalog.Api\Catalog.Api.csproj", "{1B3CC772-1C00-469B-888F-4E4300F1D002}"
EndProject
Project("{E53339B2-1760-4266-BCC7-CA923CBCF16C}") = "docker-compose", "docker-compose.dcproj", "{3D58C4A8-C77E-42EB-A6CF-324403832ED0}"
EndProject
Project("{2150E333-8FDC-42A3-9474-1A3956D46DE8}") = "Basket", "Basket", "{C8EB1411-D2BC-43C8-836F-53950F47C538}"
EndProject
Project("{9A19103F-16F7-4668-BE54-9A1E7A4F7556}") = "Basket.Api", "Basket.Api\Basket.Api.csproj", "{10C55734-F6AE-4C95-A9CB-C13FDB8B2456}"
EndProject
Project("{2150E333-8FDC-42A3-9474-1A3956D46DE8}") = "Discount", "Discount", "{CF9CCD0C-1F37-4AA0-8E92-539CB5FE00B4}"
EndProject
Project("{9A19103F-16F7-4668-BE54-9A1E7A4F7556}") = "Discount.Api", "Discount.Api\Discount.Api.csproj", "{A477EF51-C894-4351-BF02-36CB6A9C0D09}"
EndProject
Project("{9A19103F-16F7-4668-BE54-9A1E7A4F7556}") = "Discount.Grpc", "Discount.Grpc\Discount.Grpc.csproj", "{EB11BBF6-B875-4FC8-84C2-F8585A42CCED}"
EndProject
Project("{2150E333-8FDC-42A3-9474-1A3956D46DE8}") = "Ordering", "Ordering", "{059C9093-AB64-4025-B7DA-78B25A141B8E}"
EndProject
Project("{9A19103F-16F7-4668-BE54-9A1E7A4F7556}") = "Ordering.Api", "Ordering.Api\Ordering.Api.csproj", "{4612E283-8583-4387-801A-FDB6693D1AA4}"
EndProject
Project("{9A19103F-16F7-4668-BE54-9A1E7A4F7556}") = "Ordering.Domain", "Ordering.Domain\Ordering.Domain.csproj", "{F9EB62B8-B5BE-42D3-89A4-FF4354CA0A35}"
EndProject
Project("{9A19103F-16F7-4668-BE54-9A1E7A4F7556}") = "Ordering.Application", "Ordering.Application\Ordering.Application.csproj", "{DB04A0B0-109C-4D2A-9EA5-491306552D87}"
EndProject
Project("{9A19103F-16F7-4668-BE54-9A1E7A4F7556}") = "Ordering.Infrastructure", "Ordering.Infrastructure\Ordering.Infrastructure.csproj", "{5FBBA8CB-F542-4BC0-8CD5-76759E25E832}"
EndProject
Project("{2150E333-8FDC-42A3-9474-1A3956D46DE8}") = "BuildingBlocks", "BuildingBlocks", "{3F0C8A15-4B95-4BD0-A8F7-0E4B4D0100A2}"
EndProject
Project("{9A19103F-16F7-4668-BE54-9A1E7A4F7556}") = "EventBus.Messages", "EventBus.Messages\EventBus.Messages.csproj", "{56240CAF-76C4-4DEA-8339-1E0CD3265F1D}"
EndProject
Project("{2150E333-8FDC-42A3-9474-1A3956D46DE8}") = "ApiGateways", "ApiGateways", "{DF53B4C5-7C2A-4B67-B0A4-9484DC8C480F}"
EndProject
Project("{9A19103F-16F7-4668-BE54-9A1E7A4F7556}") = "OcelotApiGw", "OcelotApiGw\OcelotApiGw.csproj", "{897FC127-ACCE-42AB-9CC6-9D353DAD7801}"
EndProject
Project("{FAE04EC0-301F-11D3-BF4B-00C04F79EFBC}") = "Shopping.Aggregator", "Shopping.Aggregator\Shopping.Aggregator.csproj", "{3D644806-24BD-4E36-AE21-D5F573A304E4}"
EndProject
Global
	GlobalSection(SolutionConfigurationPlatforms) = preSolution
		Debug|Any CPU = Debug|Any CPU
		Release|Any CPU = Release|Any CPU
	EndGlobalSection
	GlobalSection(ProjectConfigurationPlatforms) = postSolution
		{1B3CC772-1C00-469B-888F-4E4300F1D002}.Debug|Any CPU.ActiveCfg = Debug|Any CPU
		{1B3CC772-1C00-469B-888F-4E4300F1D002}.Debug|Any CPU.Build.0 = Debug|Any CPU
		{1B3CC772-1C00-469B-888F-4E4300F1D002}.Release|Any CPU.ActiveCfg = Release|Any CPU
		{1B3CC772-1C00-469B-888F-4E4300F1D002}.Release|Any CPU.Build.0 = Release|Any CPU
		{3D58C4A8-C77E-42EB-A6CF-324403832ED0}.Debug|Any CPU.ActiveCfg = Debug|Any CPU
		{3D58C4A8-C77E-42EB-A6CF-324403832ED0}.Debug|Any CPU.Build.0 = Debug|Any CPU
		{3D58C4A8-C77E-42EB-A6CF-324403832ED0}.Release|Any CPU.ActiveCfg = Release|Any CPU
		{3D58C4A8-C77E-42EB-A6CF-324403832ED0}.Release|Any CPU.Build.0 = Release|Any CPU
		{10C55734-F6AE-4C95-A9CB-C13FDB8B2456}.Debug|Any CPU.ActiveCfg = Debug|Any CPU
		{10C55734-F6AE-4C95-A9CB-C13FDB8B2456}.Debug|Any CPU.Build.0 = Debug|Any CPU
		{10C55734-F6AE-4C95-A9CB-C13FDB8B2456}.Release|Any CPU.ActiveCfg = Release|Any CPU
		{10C55734-F6AE-4C95-A9CB-C13FDB8B2456}.Release|Any CPU.Build.0 = Release|Any CPU
		{A477EF51-C894-4351-BF02-36CB6A9C0D09}.Debug|Any CPU.ActiveCfg = Debug|Any CPU
		{A477EF51-C894-4351-BF02-36CB6A9C0D09}.Debug|Any CPU.Build.0 = Debug|Any CPU
		{A477EF51-C894-4351-BF02-36CB6A9C0D09}.Release|Any CPU.ActiveCfg = Release|Any CPU
		{A477EF51-C894-4351-BF02-36CB6A9C0D09}.Release|Any CPU.Build.0 = Release|Any CPU
		{EB11BBF6-B875-4FC8-84C2-F8585A42CCED}.Debug|Any CPU.ActiveCfg = Debug|Any CPU
		{EB11BBF6-B875-4FC8-84C2-F8585A42CCED}.Debug|Any CPU.Build.0 = Debug|Any CPU
		{EB11BBF6-B875-4FC8-84C2-F8585A42CCED}.Release|Any CPU.ActiveCfg = Release|Any CPU
		{EB11BBF6-B875-4FC8-84C2-F8585A42CCED}.Release|Any CPU.Build.0 = Release|Any CPU
		{4612E283-8583-4387-801A-FDB6693D1AA4}.Debug|Any CPU.ActiveCfg = Debug|Any CPU
		{4612E283-8583-4387-801A-FDB6693D1AA4}.Debug|Any CPU.Build.0 = Debug|Any CPU
		{4612E283-8583-4387-801A-FDB6693D1AA4}.Release|Any CPU.ActiveCfg = Release|Any CPU
		{4612E283-8583-4387-801A-FDB6693D1AA4}.Release|Any CPU.Build.0 = Release|Any CPU
		{F9EB62B8-B5BE-42D3-89A4-FF4354CA0A35}.Debug|Any CPU.ActiveCfg = Debug|Any CPU
		{F9EB62B8-B5BE-42D3-89A4-FF4354CA0A35}.Debug|Any CPU.Build.0 = Debug|Any CPU
		{F9EB62B8-B5BE-42D3-89A4-FF4354CA0A35}.Release|Any CPU.ActiveCfg = Release|Any CPU
		{F9EB62B8-B5BE-42D3-89A4-FF4354CA0A35}.Release|Any CPU.Build.0 = Release|Any CPU
		{DB04A0B0-109C-4D2A-9EA5-491306552D87}.Debug|Any CPU.ActiveCfg = Debug|Any CPU
		{DB04A0B0-109C-4D2A-9EA5-491306552D87}.Debug|Any CPU.Build.0 = Debug|Any CPU
		{DB04A0B0-109C-4D2A-9EA5-491306552D87}.Release|Any CPU.ActiveCfg = Release|Any CPU
		{DB04A0B0-109C-4D2A-9EA5-491306552D87}.Release|Any CPU.Build.0 = Release|Any CPU
		{5FBBA8CB-F542-4BC0-8CD5-76759E25E832}.Debug|Any CPU.ActiveCfg = Debug|Any CPU
		{5FBBA8CB-F542-4BC0-8CD5-76759E25E832}.Debug|Any CPU.Build.0 = Debug|Any CPU
		{5FBBA8CB-F542-4BC0-8CD5-76759E25E832}.Release|Any CPU.ActiveCfg = Release|Any CPU
		{5FBBA8CB-F542-4BC0-8CD5-76759E25E832}.Release|Any CPU.Build.0 = Release|Any CPU
		{56240CAF-76C4-4DEA-8339-1E0CD3265F1D}.Debug|Any CPU.ActiveCfg = Debug|Any CPU
		{56240CAF-76C4-4DEA-8339-1E0CD3265F1D}.Debug|Any CPU.Build.0 = Debug|Any CPU
		{56240CAF-76C4-4DEA-8339-1E0CD3265F1D}.Release|Any CPU.ActiveCfg = Release|Any CPU
		{56240CAF-76C4-4DEA-8339-1E0CD3265F1D}.Release|Any CPU.Build.0 = Release|Any CPU
		{897FC127-ACCE-42AB-9CC6-9D353DAD7801}.Debug|Any CPU.ActiveCfg = Debug|Any CPU
		{897FC127-ACCE-42AB-9CC6-9D353DAD7801}.Debug|Any CPU.Build.0 = Debug|Any CPU
		{897FC127-ACCE-42AB-9CC6-9D353DAD7801}.Release|Any CPU.ActiveCfg = Release|Any CPU
		{897FC127-ACCE-42AB-9CC6-9D353DAD7801}.Release|Any CPU.Build.0 = Release|Any CPU
		{3D644806-24BD-4E36-AE21-D5F573A304E4}.Debug|Any CPU.ActiveCfg = Debug|Any CPU
		{3D644806-24BD-4E36-AE21-D5F573A304E4}.Debug|Any CPU.Build.0 = Debug|Any CPU
		{3D644806-24BD-4E36-AE21-D5F573A304E4}.Release|Any CPU.ActiveCfg = Release|Any CPU
		{3D644806-24BD-4E36-AE21-D5F573A304E4}.Release|Any CPU.Build.0 = Release|Any CPU
	EndGlobalSection
	GlobalSection(SolutionProperties) = preSolution
		HideSolutionNode = FALSE
	EndGlobalSection
	GlobalSection(NestedProjects) = preSolution
		{5FA5D11E-EDE3-478E-A09D-67BED6F8B04A} = {946A3AA7-5786-49FA-9BE6-FD9E106BB1DA}
		{1B3CC772-1C00-469B-888F-4E4300F1D002} = {5FA5D11E-EDE3-478E-A09D-67BED6F8B04A}
		{C8EB1411-D2BC-43C8-836F-53950F47C538} = {946A3AA7-5786-49FA-9BE6-FD9E106BB1DA}
		{10C55734-F6AE-4C95-A9CB-C13FDB8B2456} = {C8EB1411-D2BC-43C8-836F-53950F47C538}
		{CF9CCD0C-1F37-4AA0-8E92-539CB5FE00B4} = {946A3AA7-5786-49FA-9BE6-FD9E106BB1DA}
		{A477EF51-C894-4351-BF02-36CB6A9C0D09} = {CF9CCD0C-1F37-4AA0-8E92-539CB5FE00B4}
		{EB11BBF6-B875-4FC8-84C2-F8585A42CCED} = {CF9CCD0C-1F37-4AA0-8E92-539CB5FE00B4}
		{059C9093-AB64-4025-B7DA-78B25A141B8E} = {946A3AA7-5786-49FA-9BE6-FD9E106BB1DA}
		{4612E283-8583-4387-801A-FDB6693D1AA4} = {059C9093-AB64-4025-B7DA-78B25A141B8E}
		{F9EB62B8-B5BE-42D3-89A4-FF4354CA0A35} = {059C9093-AB64-4025-B7DA-78B25A141B8E}
		{DB04A0B0-109C-4D2A-9EA5-491306552D87} = {059C9093-AB64-4025-B7DA-78B25A141B8E}
		{5FBBA8CB-F542-4BC0-8CD5-76759E25E832} = {059C9093-AB64-4025-B7DA-78B25A141B8E}
		{56240CAF-76C4-4DEA-8339-1E0CD3265F1D} = {3F0C8A15-4B95-4BD0-A8F7-0E4B4D0100A2}
		{897FC127-ACCE-42AB-9CC6-9D353DAD7801} = {DF53B4C5-7C2A-4B67-B0A4-9484DC8C480F}
		{3D644806-24BD-4E36-AE21-D5F573A304E4} = {DF53B4C5-7C2A-4B67-B0A4-9484DC8C480F}
	EndGlobalSection
	GlobalSection(ExtensibilityGlobals) = postSolution
		SolutionGuid = {A9BCAF15-F64D-459E-9C80-68844217F6BE}
	EndGlobalSection
EndGlobal
